// !$*UTF8*$!
{
	archiveVersion = 1;
	classes = {
	};
	objectVersion = 46;
	objects = {

/* Begin PBXBuildFile section */
		5C77EBF51E3BECF600DE1BC5 /* AppDelegate.swift in Sources */ = {isa = PBXBuildFile; fileRef = 5C77EBF41E3BECF600DE1BC5 /* AppDelegate.swift */; };
		5C77EBF71E3BECF600DE1BC5 /* RootViewController.swift in Sources */ = {isa = PBXBuildFile; fileRef = 5C77EBF61E3BECF600DE1BC5 /* RootViewController.swift */; };
		5C77EBF91E3BECF600DE1BC5 /* DataViewController.swift in Sources */ = {isa = PBXBuildFile; fileRef = 5C77EBF81E3BECF600DE1BC5 /* DataViewController.swift */; };
		5C77EBFB1E3BECF600DE1BC5 /* ModelController.swift in Sources */ = {isa = PBXBuildFile; fileRef = 5C77EBFA1E3BECF600DE1BC5 /* ModelController.swift */; };
		5C77EBFE1E3BECF600DE1BC5 /* Main.storyboard in Resources */ = {isa = PBXBuildFile; fileRef = 5C77EBFC1E3BECF600DE1BC5 /* Main.storyboard */; };
		5C77EC001E3BECF600DE1BC5 /* Assets.xcassets in Resources */ = {isa = PBXBuildFile; fileRef = 5C77EBFF1E3BECF600DE1BC5 /* Assets.xcassets */; };
		5C77EC031E3BECF600DE1BC5 /* LaunchScreen.storyboard in Resources */ = {isa = PBXBuildFile; fileRef = 5C77EC011E3BECF600DE1BC5 /* LaunchScreen.storyboard */; };
		5C77EC0E1E3BECF600DE1BC5 /* Self_therapyAppTests.swift in Sources */ = {isa = PBXBuildFile; fileRef = 5C77EC0D1E3BECF600DE1BC5 /* Self_therapyAppTests.swift */; };
		5C77EC191E3BECF600DE1BC5 /* Self_therapyAppUITests.swift in Sources */ = {isa = PBXBuildFile; fileRef = 5C77EC181E3BECF600DE1BC5 /* Self_therapyAppUITests.swift */; };
/* End PBXBuildFile section */

/* Begin PBXContainerItemProxy section */
		5C77EC0A1E3BECF600DE1BC5 /* PBXContainerItemProxy */ = {
			isa = PBXContainerItemProxy;
			containerPortal = 5C77EBE91E3BECF500DE1BC5 /* Project object */;
			proxyType = 1;
			remoteGlobalIDString = 5C77EBF01E3BECF500DE1BC5;
			remoteInfo = "Self-therapyApp";
		};
		5C77EC151E3BECF600DE1BC5 /* PBXContainerItemProxy */ = {
			isa = PBXContainerItemProxy;
			containerPortal = 5C77EBE91E3BECF500DE1BC5 /* Project object */;
			proxyType = 1;
			remoteGlobalIDString = 5C77EBF01E3BECF500DE1BC5;
			remoteInfo = "Self-therapyApp";
		};
/* End PBXContainerItemProxy section */

/* Begin PBXFileReference section */
		5C77EBF11E3BECF600DE1BC5 /* Self-therapyApp.app */ = {isa = PBXFileReference; explicitFileType = wrapper.application; includeInIndex = 0; path = "Self-therapyApp.app"; sourceTree = BUILT_PRODUCTS_DIR; };
		5C77EBF41E3BECF600DE1BC5 /* AppDelegate.swift */ = {isa = PBXFileReference; lastKnownFileType = sourcecode.swift; path = AppDelegate.swift; sourceTree = "<group>"; };
		5C77EBF61E3BECF600DE1BC5 /* RootViewController.swift */ = {isa = PBXFileReference; lastKnownFileType = sourcecode.swift; path = RootViewController.swift; sourceTree = "<group>"; };
		5C77EBF81E3BECF600DE1BC5 /* DataViewController.swift */ = {isa = PBXFileReference; lastKnownFileType = sourcecode.swift; path = DataViewController.swift; sourceTree = "<group>"; };
		5C77EBFA1E3BECF600DE1BC5 /* ModelController.swift */ = {isa = PBXFileReference; lastKnownFileType = sourcecode.swift; path = ModelController.swift; sourceTree = "<group>"; };
		5C77EBFD1E3BECF600DE1BC5 /* Base */ = {isa = PBXFileReference; lastKnownFileType = file.storyboard; name = Base; path = Base.lproj/Main.storyboard; sourceTree = "<group>"; };
		5C77EBFF1E3BECF600DE1BC5 /* Assets.xcassets */ = {isa = PBXFileReference; lastKnownFileType = folder.assetcatalog; path = Assets.xcassets; sourceTree = "<group>"; };
		5C77EC021E3BECF600DE1BC5 /* Base */ = {isa = PBXFileReference; lastKnownFileType = file.storyboard; name = Base; path = Base.lproj/LaunchScreen.storyboard; sourceTree = "<group>"; };
		5C77EC041E3BECF600DE1BC5 /* Info.plist */ = {isa = PBXFileReference; lastKnownFileType = text.plist.xml; path = Info.plist; sourceTree = "<group>"; };
		5C77EC091E3BECF600DE1BC5 /* Self-therapyAppTests.xctest */ = {isa = PBXFileReference; explicitFileType = wrapper.cfbundle; includeInIndex = 0; path = "Self-therapyAppTests.xctest"; sourceTree = BUILT_PRODUCTS_DIR; };
		5C77EC0D1E3BECF600DE1BC5 /* Self_therapyAppTests.swift */ = {isa = PBXFileReference; lastKnownFileType = sourcecode.swift; path = Self_therapyAppTests.swift; sourceTree = "<group>"; };
		5C77EC0F1E3BECF600DE1BC5 /* Info.plist */ = {isa = PBXFileReference; lastKnownFileType = text.plist.xml; path = Info.plist; sourceTree = "<group>"; };
		5C77EC141E3BECF600DE1BC5 /* Self-therapyAppUITests.xctest */ = {isa = PBXFileReference; explicitFileType = wrapper.cfbundle; includeInIndex = 0; path = "Self-therapyAppUITests.xctest"; sourceTree = BUILT_PRODUCTS_DIR; };
		5C77EC181E3BECF600DE1BC5 /* Self_therapyAppUITests.swift */ = {isa = PBXFileReference; lastKnownFileType = sourcecode.swift; path = Self_therapyAppUITests.swift; sourceTree = "<group>"; };
		5C77EC1A1E3BECF600DE1BC5 /* Info.plist */ = {isa = PBXFileReference; lastKnownFileType = text.plist.xml; path = Info.plist; sourceTree = "<group>"; };
/* End PBXFileReference section */

/* Begin PBXFrameworksBuildPhase section */
		5C77EBEE1E3BECF500DE1BC5 /* Frameworks */ = {
			isa = PBXFrameworksBuildPhase;
			buildActionMask = 2147483647;
			files = (
			);
			runOnlyForDeploymentPostprocessing = 0;
		};
		5C77EC061E3BECF600DE1BC5 /* Frameworks */ = {
			isa = PBXFrameworksBuildPhase;
			buildActionMask = 2147483647;
			files = (
			);
			runOnlyForDeploymentPostprocessing = 0;
		};
		5C77EC111E3BECF600DE1BC5 /* Frameworks */ = {
			isa = PBXFrameworksBuildPhase;
			buildActionMask = 2147483647;
			files = (
			);
			runOnlyForDeploymentPostprocessing = 0;
		};
/* End PBXFrameworksBuildPhase section */

/* Begin PBXGroup section */
		5C77EBE81E3BECF500DE1BC5 = {
			isa = PBXGroup;
			children = (
				5C77EBF31E3BECF600DE1BC5 /* Self-therapyApp */,
				5C77EC0C1E3BECF600DE1BC5 /* Self-therapyAppTests */,
				5C77EC171E3BECF600DE1BC5 /* Self-therapyAppUITests */,
				5C77EBF21E3BECF600DE1BC5 /* Products */,
			);
			sourceTree = "<group>";
		};
		5C77EBF21E3BECF600DE1BC5 /* Products */ = {
			isa = PBXGroup;
			children = (
				5C77EBF11E3BECF600DE1BC5 /* Self-therapyApp.app */,
				5C77EC091E3BECF600DE1BC5 /* Self-therapyAppTests.xctest */,
				5C77EC141E3BECF600DE1BC5 /* Self-therapyAppUITests.xctest */,
			);
			name = Products;
			sourceTree = "<group>";
		};
		5C77EBF31E3BECF600DE1BC5 /* Self-therapyApp */ = {
			isa = PBXGroup;
			children = (
				5C77EBF41E3BECF600DE1BC5 /* AppDelegate.swift */,
				5C77EBF61E3BECF600DE1BC5 /* RootViewController.swift */,
				5C77EBF81E3BECF600DE1BC5 /* DataViewController.swift */,
				5C77EBFA1E3BECF600DE1BC5 /* ModelController.swift */,
				5C77EBFC1E3BECF600DE1BC5 /* Main.storyboard */,
				5C77EBFF1E3BECF600DE1BC5 /* Assets.xcassets */,
				5C77EC011E3BECF600DE1BC5 /* LaunchScreen.storyboard */,
				5C77EC041E3BECF600DE1BC5 /* Info.plist */,
			);
			path = "Self-therapyApp";
			sourceTree = "<group>";
		};
		5C77EC0C1E3BECF600DE1BC5 /* Self-therapyAppTests */ = {
			isa = PBXGroup;
			children = (
				5C77EC0D1E3BECF600DE1BC5 /* Self_therapyAppTests.swift */,
				5C77EC0F1E3BECF600DE1BC5 /* Info.plist */,
			);
			path = "Self-therapyAppTests";
			sourceTree = "<group>";
		};
		5C77EC171E3BECF600DE1BC5 /* Self-therapyAppUITests */ = {
			isa = PBXGroup;
			children = (
				5C77EC181E3BECF600DE1BC5 /* Self_therapyAppUITests.swift */,
				5C77EC1A1E3BECF600DE1BC5 /* Info.plist */,
			);
			path = "Self-therapyAppUITests";
			sourceTree = "<group>";
		};
/* End PBXGroup section */

/* Begin PBXNativeTarget section */
		5C77EBF01E3BECF500DE1BC5 /* Self-therapyApp */ = {
			isa = PBXNativeTarget;
			buildConfigurationList = 5C77EC1D1E3BECF600DE1BC5 /* Build configuration list for PBXNativeTarget "Self-therapyApp" */;
			buildPhases = (
				5C77EBED1E3BECF500DE1BC5 /* Sources */,
				5C77EBEE1E3BECF500DE1BC5 /* Frameworks */,
				5C77EBEF1E3BECF500DE1BC5 /* Resources */,
			);
			buildRules = (
			);
			dependencies = (
			);
			name = "Self-therapyApp";
			productName = "Self-therapyApp";
			productReference = 5C77EBF11E3BECF600DE1BC5 /* Self-therapyApp.app */;
			productType = "com.apple.product-type.application";
		};
		5C77EC081E3BECF600DE1BC5 /* Self-therapyAppTests */ = {
			isa = PBXNativeTarget;
			buildConfigurationList = 5C77EC201E3BECF600DE1BC5 /* Build configuration list for PBXNativeTarget "Self-therapyAppTests" */;
			buildPhases = (
				5C77EC051E3BECF600DE1BC5 /* Sources */,
				5C77EC061E3BECF600DE1BC5 /* Frameworks */,
				5C77EC071E3BECF600DE1BC5 /* Resources */,
			);
			buildRules = (
			);
			dependencies = (
				5C77EC0B1E3BECF600DE1BC5 /* PBXTargetDependency */,
			);
			name = "Self-therapyAppTests";
			productName = "Self-therapyAppTests";
			productReference = 5C77EC091E3BECF600DE1BC5 /* Self-therapyAppTests.xctest */;
			productType = "com.apple.product-type.bundle.unit-test";
		};
		5C77EC131E3BECF600DE1BC5 /* Self-therapyAppUITests */ = {
			isa = PBXNativeTarget;
			buildConfigurationList = 5C77EC231E3BECF600DE1BC5 /* Build configuration list for PBXNativeTarget "Self-therapyAppUITests" */;
			buildPhases = (
				5C77EC101E3BECF600DE1BC5 /* Sources */,
				5C77EC111E3BECF600DE1BC5 /* Frameworks */,
				5C77EC121E3BECF600DE1BC5 /* Resources */,
			);
			buildRules = (
			);
			dependencies = (
				5C77EC161E3BECF600DE1BC5 /* PBXTargetDependency */,
			);
			name = "Self-therapyAppUITests";
			productName = "Self-therapyAppUITests";
			productReference = 5C77EC141E3BECF600DE1BC5 /* Self-therapyAppUITests.xctest */;
			productType = "com.apple.product-type.bundle.ui-testing";
		};
/* End PBXNativeTarget section */

/* Begin PBXProject section */
		5C77EBE91E3BECF500DE1BC5 /* Project object */ = {
			isa = PBXProject;
			attributes = {
				LastSwiftUpdateCheck = 0820;
				LastUpgradeCheck = 0820;
				ORGANIZATIONNAME = "Rita Hart";
				TargetAttributes = {
					5C77EBF01E3BECF500DE1BC5 = {
						CreatedOnToolsVersion = 8.2.1;
						ProvisioningStyle = Automatic;
					};
					5C77EC081E3BECF600DE1BC5 = {
						CreatedOnToolsVersion = 8.2.1;
						ProvisioningStyle = Automatic;
						TestTargetID = 5C77EBF01E3BECF500DE1BC5;
					};
					5C77EC131E3BECF600DE1BC5 = {
						CreatedOnToolsVersion = 8.2.1;
						ProvisioningStyle = Automatic;
						TestTargetID = 5C77EBF01E3BECF500DE1BC5;
					};
				};
			};
			buildConfigurationList = 5C77EBEC1E3BECF500DE1BC5 /* Build configuration list for PBXProject "Self-therapyApp" */;
			compatibilityVersion = "Xcode 3.2";
			developmentRegion = English;
			hasScannedForEncodings = 0;
			knownRegions = (
				en,
				Base,
			);
			mainGroup = 5C77EBE81E3BECF500DE1BC5;
			productRefGroup = 5C77EBF21E3BECF600DE1BC5 /* Products */;
			projectDirPath = "";
			projectRoot = "";
			targets = (
				5C77EBF01E3BECF500DE1BC5 /* Self-therapyApp */,
				5C77EC081E3BECF600DE1BC5 /* Self-therapyAppTests */,
				5C77EC131E3BECF600DE1BC5 /* Self-therapyAppUITests */,
			);
		};
/* End PBXProject section */

/* Begin PBXResourcesBuildPhase section */
		5C77EBEF1E3BECF500DE1BC5 /* Resources */ = {
			isa = PBXResourcesBuildPhase;
			buildActionMask = 2147483647;
			files = (
				5C77EC031E3BECF600DE1BC5 /* LaunchScreen.storyboard in Resources */,
				5C77EC001E3BECF600DE1BC5 /* Assets.xcassets in Resources */,
				5C77EBFE1E3BECF600DE1BC5 /* Main.storyboard in Resources */,
			);
			runOnlyForDeploymentPostprocessing = 0;
		};
		5C77EC071E3BECF600DE1BC5 /* Resources */ = {
			isa = PBXResourcesBuildPhase;
			buildActionMask = 2147483647;
			files = (
			);
			runOnlyForDeploymentPostprocessing = 0;
		};
		5C77EC121E3BECF600DE1BC5 /* Resources */ = {
			isa = PBXResourcesBuildPhase;
			buildActionMask = 2147483647;
			files = (
			);
			runOnlyForDeploymentPostprocessing = 0;
		};
/* End PBXResourcesBuildPhase section */

/* Begin PBXSourcesBuildPhase section */
		5C77EBED1E3BECF500DE1BC5 /* Sources */ = {
			isa = PBXSourcesBuildPhase;
			buildActionMask = 2147483647;
			files = (
				5C77EBF71E3BECF600DE1BC5 /* RootViewController.swift in Sources */,
				5C77EBFB1E3BECF600DE1BC5 /* ModelController.swift in Sources */,
				5C77EBF91E3BECF600DE1BC5 /* DataViewController.swift in Sources */,
				5C77EBF51E3BECF600DE1BC5 /* AppDelegate.swift in Sources */,
			);
			runOnlyForDeploymentPostprocessing = 0;
		};
		5C77EC051E3BECF600DE1BC5 /* Sources */ = {
			isa = PBXSourcesBuildPhase;
			buildActionMask = 2147483647;
			files = (
				5C77EC0E1E3BECF600DE1BC5 /* Self_therapyAppTests.swift in Sources */,
			);
			runOnlyForDeploymentPostprocessing = 0;
		};
		5C77EC101E3BECF600DE1BC5 /* Sources */ = {
			isa = PBXSourcesBuildPhase;
			buildActionMask = 2147483647;
			files = (
				5C77EC191E3BECF600DE1BC5 /* Self_therapyAppUITests.swift in Sources */,
			);
			runOnlyForDeploymentPostprocessing = 0;
		};
/* End PBXSourcesBuildPhase section */

/* Begin PBXTargetDependency section */
		5C77EC0B1E3BECF600DE1BC5 /* PBXTargetDependency */ = {
			isa = PBXTargetDependency;
			target = 5C77EBF01E3BECF500DE1BC5 /* Self-therapyApp */;
			targetProxy = 5C77EC0A1E3BECF600DE1BC5 /* PBXContainerItemProxy */;
		};
		5C77EC161E3BECF600DE1BC5 /* PBXTargetDependency */ = {
			isa = PBXTargetDependency;
			target = 5C77EBF01E3BECF500DE1BC5 /* Self-therapyApp */;
			targetProxy = 5C77EC151E3BECF600DE1BC5 /* PBXContainerItemProxy */;
		};
/* End PBXTargetDependency section */

/* Begin PBXVariantGroup section */
		5C77EBFC1E3BECF600DE1BC5 /* Main.storyboard */ = {
			isa = PBXVariantGroup;
			children = (
				5C77EBFD1E3BECF600DE1BC5 /* Base */,
			);
			name = Main.storyboard;
			sourceTree = "<group>";
		};
		5C77EC011E3BECF600DE1BC5 /* LaunchScreen.storyboard */ = {
			isa = PBXVariantGroup;
			children = (
				5C77EC021E3BECF600DE1BC5 /* Base */,
			);
			name = LaunchScreen.storyboard;
			sourceTree = "<group>";
		};
/* End PBXVariantGroup section */

/* Begin XCBuildConfiguration section */
		5C77EC1B1E3BECF600DE1BC5 /* Debug */ = {
			isa = XCBuildConfiguration;
			buildSettings = {
				ALWAYS_SEARCH_USER_PATHS = NO;
				CLANG_ANALYZER_NONNULL = YES;
				CLANG_CXX_LANGUAGE_STANDARD = "gnu++0x";
				CLANG_CXX_LIBRARY = "libc++";
				CLANG_ENABLE_MODULES = YES;
				CLANG_ENABLE_OBJC_ARC = YES;
				CLANG_WARN_BOOL_CONVERSION = YES;
				CLANG_WARN_CONSTANT_CONVERSION = YES;
				CLANG_WARN_DIRECT_OBJC_ISA_USAGE = YES_ERROR;
				CLANG_WARN_DOCUMENTATION_COMMENTS = YES;
				CLANG_WARN_EMPTY_BODY = YES;
				CLANG_WARN_ENUM_CONVERSION = YES;
				CLANG_WARN_INFINITE_RECURSION = YES;
				CLANG_WARN_INT_CONVERSION = YES;
				CLANG_WARN_OBJC_ROOT_CLASS = YES_ERROR;
				CLANG_WARN_SUSPICIOUS_MOVE = YES;
				CLANG_WARN_UNREACHABLE_CODE = YES;
				CLANG_WARN__DUPLICATE_METHOD_MATCH = YES;
				"CODE_SIGN_IDENTITY[sdk=iphoneos*]" = "iPhone Developer";
				COPY_PHASE_STRIP = NO;
				DEBUG_INFORMATION_FORMAT = dwarf;
				ENABLE_STRICT_OBJC_MSGSEND = YES;
				ENABLE_TESTABILITY = YES;
				GCC_C_LANGUAGE_STANDARD = gnu99;
				GCC_DYNAMIC_NO_PIC = NO;
				GCC_NO_COMMON_BLOCKS = YES;
				GCC_OPTIMIZATION_LEVEL = 0;
				GCC_PREPROCESSOR_DEFINITIONS = (
					"DEBUG=1",
					"$(inherited)",
				);
				GCC_WARN_64_TO_32_BIT_CONVERSION = YES;
				GCC_WARN_ABOUT_RETURN_TYPE = YES_ERROR;
				GCC_WARN_UNDECLARED_SELECTOR = YES;
				GCC_WARN_UNINITIALIZED_AUTOS = YES_AGGRESSIVE;
				GCC_WARN_UNUSED_FUNCTION = YES;
				GCC_WARN_UNUSED_VARIABLE = YES;
				IPHONEOS_DEPLOYMENT_TARGET = 10.2;
				MTL_ENABLE_DEBUG_INFO = YES;
				ONLY_ACTIVE_ARCH = YES;
				SDKROOT = iphoneos;
				SWIFT_ACTIVE_COMPILATION_CONDITIONS = DEBUG;
				SWIFT_OPTIMIZATION_LEVEL = "-Onone";
				TARGETED_DEVICE_FAMILY = "1,2";
			};
			name = Debug;
		};
		5C77EC1C1E3BECF600DE1BC5 /* Release */ = {
			isa = XCBuildConfiguration;
			buildSettings = {
				ALWAYS_SEARCH_USER_PATHS = NO;
				CLANG_ANALYZER_NONNULL = YES;
				CLANG_CXX_LANGUAGE_STANDARD = "gnu++0x";
				CLANG_CXX_LIBRARY = "libc++";
				CLANG_ENABLE_MODULES = YES;
				CLANG_ENABLE_OBJC_ARC = YES;
				CLANG_WARN_BOOL_CONVERSION = YES;
				CLANG_WARN_CONSTANT_CONVERSION = YES;
				CLANG_WARN_DIRECT_OBJC_ISA_USAGE = YES_ERROR;
				CLANG_WARN_DOCUMENTATION_COMMENTS = YES;
				CLANG_WARN_EMPTY_BODY = YES;
				CLANG_WARN_ENUM_CONVERSION = YES;
				CLANG_WARN_INFINITE_RECURSION = YES;
				CLANG_WARN_INT_CONVERSION = YES;
				CLANG_WARN_OBJC_ROOT_CLASS = YES_ERROR;
				CLANG_WARN_SUSPICIOUS_MOVE = YES;
				CLANG_WARN_UNREACHABLE_CODE = YES;
				CLANG_WARN__DUPLICATE_METHOD_MATCH = YES;
				"CODE_SIGN_IDENTITY[sdk=iphoneos*]" = "iPhone Developer";
				COPY_PHASE_STRIP = NO;
				DEBUG_INFORMATION_FORMAT = "dwarf-with-dsym";
				ENABLE_NS_ASSERTIONS = NO;
				ENABLE_STRICT_OBJC_MSGSEND = YES;
				GCC_C_LANGUAGE_STANDARD = gnu99;
				GCC_NO_COMMON_BLOCKS = YES;
				GCC_WARN_64_TO_32_BIT_CONVERSION = YES;
				GCC_WARN_ABOUT_RETURN_TYPE = YES_ERROR;
				GCC_WARN_UNDECLARED_SELECTOR = YES;
				GCC_WARN_UNINITIALIZED_AUTOS = YES_AGGRESSIVE;
				GCC_WARN_UNUSED_FUNCTION = YES;
				GCC_WARN_UNUSED_VARIABLE = YES;
				IPHONEOS_DEPLOYMENT_TARGET = 10.2;
				MTL_ENABLE_DEBUG_INFO = NO;
				SDKROOT = iphoneos;
				SWIFT_OPTIMIZATION_LEVEL = "-Owholemodule";
				TARGETED_DEVICE_FAMILY = "1,2";
				VALIDATE_PRODUCT = YES;
			};
			name = Release;
		};
		5C77EC1E1E3BECF600DE1BC5 /* Debug */ = {
			isa = XCBuildConfiguration;
			buildSettings = {
				ASSETCATALOG_COMPILER_APPICON_NAME = AppIcon;
				INFOPLIST_FILE = "Self-therapyApp/Info.plist";
				LD_RUNPATH_SEARCH_PATHS = "$(inherited) @executable_path/Frameworks";
				PRODUCT_BUNDLE_IDENTIFIER = "ritachart.com.Self-therapyApp";
				PRODUCT_NAME = "$(TARGET_NAME)";
				SWIFT_VERSION = 3.0;
			};
			name = Debug;
		};
		5C77EC1F1E3BECF600DE1BC5 /* Release */ = {
			isa = XCBuildConfiguration;
			buildSettings = {
				ASSETCATALOG_COMPILER_APPICON_NAME = AppIcon;
				INFOPLIST_FILE = "Self-therapyApp/Info.plist";
				LD_RUNPATH_SEARCH_PATHS = "$(inherited) @executable_path/Frameworks";
				PRODUCT_BUNDLE_IDENTIFIER = "ritachart.com.Self-therapyApp";
				PRODUCT_NAME = "$(TARGET_NAME)";
				SWIFT_VERSION = 3.0;
			};
			name = Release;
		};
		5C77EC211E3BECF600DE1BC5 /* Debug */ = {
			isa = XCBuildConfiguration;
			buildSettings = {
				ALWAYS_EMBED_SWIFT_STANDARD_LIBRARIES = YES;
				BUNDLE_LOADER = "$(TEST_HOST)";
				INFOPLIST_FILE = "Self-therapyAppTests/Info.plist";
				LD_RUNPATH_SEARCH_PATHS = "$(inherited) @executable_path/Frameworks @loader_path/Frameworks";
				PRODUCT_BUNDLE_IDENTIFIER = "ritachart.com.Self-therapyAppTests";
				PRODUCT_NAME = "$(TARGET_NAME)";
				SWIFT_VERSION = 3.0;
				TEST_HOST = "$(BUILT_PRODUCTS_DIR)/Self-therapyApp.app/Self-therapyApp";
			};
			name = Debug;
		};
		5C77EC221E3BECF600DE1BC5 /* Release */ = {
			isa = XCBuildConfiguration;
			buildSettings = {
				ALWAYS_EMBED_SWIFT_STANDARD_LIBRARIES = YES;
				BUNDLE_LOADER = "$(TEST_HOST)";
				INFOPLIST_FILE = "Self-therapyAppTests/Info.plist";
				LD_RUNPATH_SEARCH_PATHS = "$(inherited) @executable_path/Frameworks @loader_path/Frameworks";
				PRODUCT_BUNDLE_IDENTIFIER = "ritachart.com.Self-therapyAppTests";
				PRODUCT_NAME = "$(TARGET_NAME)";
				SWIFT_VERSION = 3.0;
				TEST_HOST = "$(BUILT_PRODUCTS_DIR)/Self-therapyApp.app/Self-therapyApp";
			};
			name = Release;
		};
		5C77EC241E3BECF600DE1BC5 /* Debug */ = {
			isa = XCBuildConfiguration;
			buildSettings = {
				ALWAYS_EMBED_SWIFT_STANDARD_LIBRARIES = YES;
				INFOPLIST_FILE = "Self-therapyAppUITests/Info.plist";
				LD_RUNPATH_SEARCH_PATHS = "$(inherited) @executable_path/Frameworks @loader_path/Frameworks";
				PRODUCT_BUNDLE_IDENTIFIER = "ritachart.com.Self-therapyAppUITests";
				PRODUCT_NAME = "$(TARGET_NAME)";
				SWIFT_VERSION = 3.0;
				TEST_TARGET_NAME = "Self-therapyApp";
			};
			name = Debug;
		};
		5C77EC251E3BECF600DE1BC5 /* Release */ = {
			isa = XCBuildConfiguration;
			buildSettings = {
				ALWAYS_EMBED_SWIFT_STANDARD_LIBRARIES = YES;
				INFOPLIST_FILE = "Self-therapyAppUITests/Info.plist";
				LD_RUNPATH_SEARCH_PATHS = "$(inherited) @executable_path/Frameworks @loader_path/Frameworks";
				PRODUCT_BUNDLE_IDENTIFIER = "ritachart.com.Self-therapyAppUITests";
				PRODUCT_NAME = "$(TARGET_NAME)";
				SWIFT_VERSION = 3.0;
				TEST_TARGET_NAME = "Self-therapyApp";
			};
			name = Release;
		};
/* End XCBuildConfiguration section */

/* Begin XCConfigurationList section */
		5C77EBEC1E3BECF500DE1BC5 /* Build configuration list for PBXProject "Self-therapyApp" */ = {
			isa = XCConfigurationList;
			buildConfigurations = (
				5C77EC1B1E3BECF600DE1BC5 /* Debug */,
				5C77EC1C1E3BECF600DE1BC5 /* Release */,
			);
			defaultConfigurationIsVisible = 0;
			defaultConfigurationName = Release;
		};
		5C77EC1D1E3BECF600DE1BC5 /* Build configuration list for PBXNativeTarget "Self-therapyApp" */ = {
			isa = XCConfigurationList;
			buildConfigurations = (
				5C77EC1E1E3BECF600DE1BC5 /* Debug */,
				5C77EC1F1E3BECF600DE1BC5 /* Release */,
			);
			defaultConfigurationIsVisible = 0;
		};
		5C77EC201E3BECF600DE1BC5 /* Build configuration list for PBXNativeTarget "Self-therapyAppTests" */ = {
			isa = XCConfigurationList;
			buildConfigurations = (
				5C77EC211E3BECF600DE1BC5 /* Debug */,
				5C77EC221E3BECF600DE1BC5 /* Release */,
			);
			defaultConfigurationIsVisible = 0;
		};
		5C77EC231E3BECF600DE1BC5 /* Build configuration list for PBXNativeTarget "Self-therapyAppUITests" */ = {
			isa = XCConfigurationList;
			buildConfigurations = (
				5C77EC241E3BECF600DE1BC5 /* Debug */,
				5C77EC251E3BECF600DE1BC5 /* Release */,
			);
			defaultConfigurationIsVisible = 0;
		};
/* End XCConfigurationList section */
	};
	rootObject = 5C77EBE91E3BECF500DE1BC5 /* Project object */;
}
